
Microsoft Visual Studio Solution File, Format Version 12.00
# Visual Studio Version 16
VisualStudioVersion = 16.0.31105.61
MinimumVisualStudioVersion = 10.0.40219.1
Project("{FAE04EC0-301F-11D3-BF4B-00C04F79EFBC}") = "Patholabs_Express.DataAccess", "Patholabs_Express.DataAccess\Patholabs_Express.DataAccess.csproj", "{F202AE27-44A7-4231-A1E7-2265C6ABFB25}"
EndProject
Project("{FAE04EC0-301F-11D3-BF4B-00C04F79EFBC}") = "Patholabs_Express.BuisnessLogic", "Patholabs_Express.BuisnessLogic\Patholabs_Express.BuisnessLogic.csproj", "{8B1A7CBF-A4DF-4F8A-B97F-B8966298A820}"
EndProject
Project("{FAE04EC0-301F-11D3-BF4B-00C04F79EFBC}") = "Patholabs_ExpressBuisnessLogic.Tests", "Patholabs_ExpressBuisnessLogic.Tests\Patholabs_ExpressBuisnessLogic.Tests.csproj", "{4954871D-A53E-4515-B613-B4B8E554E9FE}"
EndProject
Project("{FAE04EC0-301F-11D3-BF4B-00C04F79EFBC}") = "Patholabs_Express.API", "Patholabs_Express.API\Patholabs_Express.API.csproj", "{29D4A785-7728-41F4-BB6D-38EA7D348F88}"
EndProject
Project("{FAE04EC0-301F-11D3-BF4B-00C04F79EFBC}") = "Patholabs_Express.AngularClient", "Patholabs_Express.AngularClient\Patholabs_Express.AngularClient.csproj", "{88B820BD-C68B-4462-8D8E-59C1351D3105}"
EndProject
Global
	GlobalSection(SolutionConfigurationPlatforms) = preSolution
		Debug|Any CPU = Debug|Any CPU
		Release|Any CPU = Release|Any CPU
	EndGlobalSection
	GlobalSection(ProjectConfigurationPlatforms) = postSolution
		{F202AE27-44A7-4231-A1E7-2265C6ABFB25}.Debug|Any CPU.ActiveCfg = Debug|Any CPU
		{F202AE27-44A7-4231-A1E7-2265C6ABFB25}.Debug|Any CPU.Build.0 = Debug|Any CPU
		{F202AE27-44A7-4231-A1E7-2265C6ABFB25}.Release|Any CPU.ActiveCfg = Release|Any CPU
		{F202AE27-44A7-4231-A1E7-2265C6ABFB25}.Release|Any CPU.Build.0 = Release|Any CPU
		{8B1A7CBF-A4DF-4F8A-B97F-B8966298A820}.Debug|Any CPU.ActiveCfg = Debug|Any CPU
		{8B1A7CBF-A4DF-4F8A-B97F-B8966298A820}.Debug|Any CPU.Build.0 = Debug|Any CPU
		{8B1A7CBF-A4DF-4F8A-B97F-B8966298A820}.Release|Any CPU.ActiveCfg = Release|Any CPU
		{8B1A7CBF-A4DF-4F8A-B97F-B8966298A820}.Release|Any CPU.Build.0 = Release|Any CPU
		{4954871D-A53E-4515-B613-B4B8E554E9FE}.Debug|Any CPU.ActiveCfg = Debug|Any CPU
		{4954871D-A53E-4515-B613-B4B8E554E9FE}.Debug|Any CPU.Build.0 = Debug|Any CPU
		{4954871D-A53E-4515-B613-B4B8E554E9FE}.Release|Any CPU.ActiveCfg = Release|Any CPU
		{4954871D-A53E-4515-B613-B4B8E554E9FE}.Release|Any CPU.Build.0 = Release|Any CPU
		{29D4A785-7728-41F4-BB6D-38EA7D348F88}.Debug|Any CPU.ActiveCfg = Debug|Any CPU
		{29D4A785-7728-41F4-BB6D-38EA7D348F88}.Debug|Any CPU.Build.0 = Debug|Any CPU
		{29D4A785-7728-41F4-BB6D-38EA7D348F88}.Release|Any CPU.ActiveCfg = Release|Any CPU
		{29D4A785-7728-41F4-BB6D-38EA7D348F88}.Release|Any CPU.Build.0 = Release|Any CPU
		{88B820BD-C68B-4462-8D8E-59C1351D3105}.Debug|Any CPU.ActiveCfg = Debug|Any CPU
		{88B820BD-C68B-4462-8D8E-59C1351D3105}.Debug|Any CPU.Build.0 = Debug|Any CPU
		{88B820BD-C68B-4462-8D8E-59C1351D3105}.Release|Any CPU.ActiveCfg = Release|Any CPU
		{88B820BD-C68B-4462-8D8E-59C1351D3105}.Release|Any CPU.Build.0 = Release|Any CPU
	EndGlobalSection
	GlobalSection(SolutionProperties) = preSolution
		HideSolutionNode = FALSE
	EndGlobalSection
	GlobalSection(ExtensibilityGlobals) = postSolution
		SolutionGuid = {2BA8EDB9-53CA-4485-B1EB-6980FB34516C}
	EndGlobalSection
EndGlobal
